
Microsoft Visual Studio Solution File, Format Version 12.00
# Visual Studio 2012
Project("{FAE04EC0-301F-11D3-BF4B-00C04F79EFBC}") = "FFIrcRelay", "FFIrcRelay\FFIrcRelay.csproj", "{8DDF8405-D92E-41A6-9DD3-85106348A266}"
EndProject
Project("{FAE04EC0-301F-11D3-BF4B-00C04F79EFBC}") = "TestClient", "TestClient\TestClient.csproj", "{C5A9B5F4-1626-4B37-8176-66A64D232C2B}"
EndProject
Global
	GlobalSection(SolutionConfigurationPlatforms) = preSolution
		Debug|Any CPU = Debug|Any CPU
		Release|Any CPU = Release|Any CPU
	EndGlobalSection
	GlobalSection(ProjectConfigurationPlatforms) = postSolution
		{8DDF8405-D92E-41A6-9DD3-85106348A266}.Debug|Any CPU.ActiveCfg = Debug|Any CPU
		{8DDF8405-D92E-41A6-9DD3-85106348A266}.Debug|Any CPU.Build.0 = Debug|Any CPU
		{8DDF8405-D92E-41A6-9DD3-85106348A266}.Release|Any CPU.ActiveCfg = Release|Any CPU
		{8DDF8405-D92E-41A6-9DD3-85106348A266}.Release|Any CPU.Build.0 = Release|Any CPU
		{C5A9B5F4-1626-4B37-8176-66A64D232C2B}.Debug|Any CPU.ActiveCfg = Debug|Any CPU
		{C5A9B5F4-1626-4B37-8176-66A64D232C2B}.Debug|Any CPU.Build.0 = Debug|Any CPU
		{C5A9B5F4-1626-4B37-8176-66A64D232C2B}.Release|Any CPU.ActiveCfg = Release|Any CPU
		{C5A9B5F4-1626-4B37-8176-66A64D232C2B}.Release|Any CPU.Build.0 = Release|Any CPU
	EndGlobalSection
	GlobalSection(SolutionProperties) = preSolution
		HideSolutionNode = FALSE
	EndGlobalSection
EndGlobal
